// !$*UTF8*$!
{
	archiveVersion = 1;
	classes = {
	};
	objectVersion = 50;
	objects = {

/* Begin PBXBuildFile section */
		E9F0AC2221F8F354008796FD /* AppDelegate.swift in Sources */ = {isa = PBXBuildFile; fileRef = E9F0AC2121F8F354008796FD /* AppDelegate.swift */; };
		E9F0AC2421F8F354008796FD /* ViewController.swift in Sources */ = {isa = PBXBuildFile; fileRef = E9F0AC2321F8F354008796FD /* ViewController.swift */; };
		E9F0AC2721F8F354008796FD /* Main.storyboard in Resources */ = {isa = PBXBuildFile; fileRef = E9F0AC2521F8F354008796FD /* Main.storyboard */; };
		E9F0AC2921F8F355008796FD /* Assets.xcassets in Resources */ = {isa = PBXBuildFile; fileRef = E9F0AC2821F8F355008796FD /* Assets.xcassets */; };
		E9F0AC2C21F8F355008796FD /* LaunchScreen.storyboard in Resources */ = {isa = PBXBuildFile; fileRef = E9F0AC2A21F8F355008796FD /* LaunchScreen.storyboard */; };
		E9F0AC3821F9A9EF008796FD /* logo.png in Resources */ = {isa = PBXBuildFile; fileRef = E9F0AC3721F9A9EF008796FD /* logo.png */; };
		E9F0AC3C21FAB0EF008796FD /* DFLoginViewController.swift in Sources */ = {isa = PBXBuildFile; fileRef = E9F0AC3B21FAB0EF008796FD /* DFLoginViewController.swift */; };
		E9F0AC3E21FAB882008796FD /* GoogleService-Info.plist in Resources */ = {isa = PBXBuildFile; fileRef = E9F0AC3D21FAB882008796FD /* GoogleService-Info.plist */; };
		E9F0AC4021FABF5C008796FD /* LoginViewController.swift in Sources */ = {isa = PBXBuildFile; fileRef = E9F0AC3F21FABF5C008796FD /* LoginViewController.swift */; };
		E9F0AC4221FAC552008796FD /* HomeViewController.swift in Sources */ = {isa = PBXBuildFile; fileRef = E9F0AC4121FAC550008796FD /* HomeViewController.swift */; };
		FB60AF8E547E8F51170B0E35 /* Pods_DogFinder.framework in Frameworks */ = {isa = PBXBuildFile; fileRef = F152F0A067C212C10D34DC30 /* Pods_DogFinder.framework */; };
/* End PBXBuildFile section */

/* Begin PBXFileReference section */
		A348529BA5F163AEFA8B87F1 /* Pods-DogFinder.release.xcconfig */ = {isa = PBXFileReference; includeInIndex = 1; lastKnownFileType = text.xcconfig; name = "Pods-DogFinder.release.xcconfig"; path = "Pods/Target Support Files/Pods-DogFinder/Pods-DogFinder.release.xcconfig"; sourceTree = "<group>"; };
		E9F0AC1E21F8F354008796FD /* DogFinder.app */ = {isa = PBXFileReference; explicitFileType = wrapper.application; includeInIndex = 0; path = DogFinder.app; sourceTree = BUILT_PRODUCTS_DIR; };
		E9F0AC2121F8F354008796FD /* AppDelegate.swift */ = {isa = PBXFileReference; lastKnownFileType = sourcecode.swift; path = AppDelegate.swift; sourceTree = "<group>"; };
		E9F0AC2321F8F354008796FD /* ViewController.swift */ = {isa = PBXFileReference; lastKnownFileType = sourcecode.swift; path = ViewController.swift; sourceTree = "<group>"; };
		E9F0AC2621F8F354008796FD /* Base */ = {isa = PBXFileReference; lastKnownFileType = file.storyboard; name = Base; path = Base.lproj/Main.storyboard; sourceTree = "<group>"; };
		E9F0AC2821F8F355008796FD /* Assets.xcassets */ = {isa = PBXFileReference; lastKnownFileType = folder.assetcatalog; path = Assets.xcassets; sourceTree = "<group>"; };
		E9F0AC2B21F8F355008796FD /* Base */ = {isa = PBXFileReference; lastKnownFileType = file.storyboard; name = Base; path = Base.lproj/LaunchScreen.storyboard; sourceTree = "<group>"; };
		E9F0AC2D21F8F355008796FD /* Info.plist */ = {isa = PBXFileReference; lastKnownFileType = text.plist.xml; path = Info.plist; sourceTree = "<group>"; };
		E9F0AC3321F97F3C008796FD /* DogFinder-Bridging-Header.h */ = {isa = PBXFileReference; lastKnownFileType = sourcecode.c.h; path = "DogFinder-Bridging-Header.h"; sourceTree = "<group>"; };
		E9F0AC3721F9A9EF008796FD /* logo.png */ = {isa = PBXFileReference; lastKnownFileType = image.png; name = logo.png; path = ../../../../Downloads/logo.png; sourceTree = "<group>"; };
		E9F0AC3B21FAB0EF008796FD /* DFLoginViewController.swift */ = {isa = PBXFileReference; lastKnownFileType = sourcecode.swift; path = DFLoginViewController.swift; sourceTree = "<group>"; };
		E9F0AC3D21FAB882008796FD /* GoogleService-Info.plist */ = {isa = PBXFileReference; fileEncoding = 4; lastKnownFileType = text.plist.xml; path = "GoogleService-Info.plist"; sourceTree = "<group>"; };
		E9F0AC3F21FABF5C008796FD /* LoginViewController.swift */ = {isa = PBXFileReference; lastKnownFileType = sourcecode.swift; path = LoginViewController.swift; sourceTree = "<group>"; };
		E9F0AC4121FAC550008796FD /* HomeViewController.swift */ = {isa = PBXFileReference; lastKnownFileType = sourcecode.swift; path = HomeViewController.swift; sourceTree = "<group>"; };
		F152F0A067C212C10D34DC30 /* Pods_DogFinder.framework */ = {isa = PBXFileReference; explicitFileType = wrapper.framework; includeInIndex = 0; path = Pods_DogFinder.framework; sourceTree = BUILT_PRODUCTS_DIR; };
		F2506ACB5A321897D1DC3A66 /* Pods-DogFinder.debug.xcconfig */ = {isa = PBXFileReference; includeInIndex = 1; lastKnownFileType = text.xcconfig; name = "Pods-DogFinder.debug.xcconfig"; path = "Pods/Target Support Files/Pods-DogFinder/Pods-DogFinder.debug.xcconfig"; sourceTree = "<group>"; };
/* End PBXFileReference section */

/* Begin PBXFrameworksBuildPhase section */
		E9F0AC1B21F8F354008796FD /* Frameworks */ = {
			isa = PBXFrameworksBuildPhase;
			buildActionMask = 2147483647;
			files = (
				FB60AF8E547E8F51170B0E35 /* Pods_DogFinder.framework in Frameworks */,
			);
			runOnlyForDeploymentPostprocessing = 0;
		};
/* End PBXFrameworksBuildPhase section */

/* Begin PBXGroup section */
		A17B355EB2BDD26A92094FBD /* Frameworks */ = {
			isa = PBXGroup;
			children = (
				F152F0A067C212C10D34DC30 /* Pods_DogFinder.framework */,
			);
			name = Frameworks;
			sourceTree = "<group>";
		};
		BDF5801AFCAA650EF2623FBD /* Pods */ = {
			isa = PBXGroup;
			children = (
				F2506ACB5A321897D1DC3A66 /* Pods-DogFinder.debug.xcconfig */,
				A348529BA5F163AEFA8B87F1 /* Pods-DogFinder.release.xcconfig */,
			);
			name = Pods;
			sourceTree = "<group>";
		};
		E9F0AC1521F8F354008796FD = {
			isa = PBXGroup;
			children = (
				E9F0AC2021F8F354008796FD /* DogFinder */,
				E9F0AC1F21F8F354008796FD /* Products */,
				BDF5801AFCAA650EF2623FBD /* Pods */,
				A17B355EB2BDD26A92094FBD /* Frameworks */,
			);
			sourceTree = "<group>";
		};
		E9F0AC1F21F8F354008796FD /* Products */ = {
			isa = PBXGroup;
			children = (
				E9F0AC1E21F8F354008796FD /* DogFinder.app */,
			);
			name = Products;
			sourceTree = "<group>";
		};
		E9F0AC2021F8F354008796FD /* DogFinder */ = {
			isa = PBXGroup;
			children = (
				E9F0AC2121F8F354008796FD /* AppDelegate.swift */,
				E9F0AC2321F8F354008796FD /* ViewController.swift */,
				E9F0AC4121FAC550008796FD /* HomeViewController.swift */,
				E9F0AC3B21FAB0EF008796FD /* DFLoginViewController.swift */,
				E9F0AC3F21FABF5C008796FD /* LoginViewController.swift */,
				E9F0AC2521F8F354008796FD /* Main.storyboard */,
				E9F0AC3721F9A9EF008796FD /* logo.png */,
				E9F0AC2821F8F355008796FD /* Assets.xcassets */,
				E9F0AC2A21F8F355008796FD /* LaunchScreen.storyboard */,
				E9F0AC2D21F8F355008796FD /* Info.plist */,
				E9F0AC3D21FAB882008796FD /* GoogleService-Info.plist */,
				E9F0AC3321F97F3C008796FD /* DogFinder-Bridging-Header.h */,
			);
			path = DogFinder;
			sourceTree = "<group>";
		};
/* End PBXGroup section */

/* Begin PBXNativeTarget section */
		E9F0AC1D21F8F354008796FD /* DogFinder */ = {
			isa = PBXNativeTarget;
			buildConfigurationList = E9F0AC3021F8F355008796FD /* Build configuration list for PBXNativeTarget "DogFinder" */;
			buildPhases = (
				663D3544096D511172B3F484 /* [CP] Check Pods Manifest.lock */,
				E9F0AC1A21F8F354008796FD /* Sources */,
				E9F0AC1B21F8F354008796FD /* Frameworks */,
				E9F0AC1C21F8F354008796FD /* Resources */,
				BFD69E92057FB6EA7B4D11D6 /* [CP] Embed Pods Frameworks */,
			);
			buildRules = (
			);
			dependencies = (
			);
			name = DogFinder;
			productName = DogFinder;
			productReference = E9F0AC1E21F8F354008796FD /* DogFinder.app */;
			productType = "com.apple.product-type.application";
		};
/* End PBXNativeTarget section */

/* Begin PBXProject section */
		E9F0AC1621F8F354008796FD /* Project object */ = {
			isa = PBXProject;
			attributes = {
				LastSwiftUpdateCheck = 0940;
				LastUpgradeCheck = 0940;
				ORGANIZATIONNAME = "Kirsten Loechl";
				TargetAttributes = {
					E9F0AC1D21F8F354008796FD = {
						CreatedOnToolsVersion = 9.4;
						LastSwiftMigration = 0940;
					};
				};
			};
			buildConfigurationList = E9F0AC1921F8F354008796FD /* Build configuration list for PBXProject "DogFinder" */;
			compatibilityVersion = "Xcode 9.3";
			developmentRegion = en;
			hasScannedForEncodings = 0;
			knownRegions = (
				en,
				Base,
			);
			mainGroup = E9F0AC1521F8F354008796FD;
			productRefGroup = E9F0AC1F21F8F354008796FD /* Products */;
			projectDirPath = "";
			projectRoot = "";
			targets = (
				E9F0AC1D21F8F354008796FD /* DogFinder */,
			);
		};
/* End PBXProject section */

/* Begin PBXResourcesBuildPhase section */
		E9F0AC1C21F8F354008796FD /* Resources */ = {
			isa = PBXResourcesBuildPhase;
			buildActionMask = 2147483647;
			files = (
				E9F0AC2C21F8F355008796FD /* LaunchScreen.storyboard in Resources */,
				E9F0AC2921F8F355008796FD /* Assets.xcassets in Resources */,
				E9F0AC3E21FAB882008796FD /* GoogleService-Info.plist in Resources */,
				E9F0AC2721F8F354008796FD /* Main.storyboard in Resources */,
				E9F0AC3821F9A9EF008796FD /* logo.png in Resources */,
			);
			runOnlyForDeploymentPostprocessing = 0;
		};
/* End PBXResourcesBuildPhase section */

/* Begin PBXShellScriptBuildPhase section */
		663D3544096D511172B3F484 /* [CP] Check Pods Manifest.lock */ = {
			isa = PBXShellScriptBuildPhase;
			buildActionMask = 2147483647;
			files = (
			);
			inputPaths = (
				"${PODS_PODFILE_DIR_PATH}/Podfile.lock",
				"${PODS_ROOT}/Manifest.lock",
			);
			name = "[CP] Check Pods Manifest.lock";
			outputPaths = (
				"$(DERIVED_FILE_DIR)/Pods-DogFinder-checkManifestLockResult.txt",
			);
			runOnlyForDeploymentPostprocessing = 0;
			shellPath = /bin/sh;
			shellScript = "diff \"${PODS_PODFILE_DIR_PATH}/Podfile.lock\" \"${PODS_ROOT}/Manifest.lock\" > /dev/null\nif [ $? != 0 ] ; then\n    # print error to STDERR\n    echo \"error: The sandbox is not in sync with the Podfile.lock. Run 'pod install' or update your CocoaPods installation.\" >&2\n    exit 1\nfi\n# This output is used by Xcode 'outputs' to avoid re-running this script phase.\necho \"SUCCESS\" > \"${SCRIPT_OUTPUT_FILE_0}\"\n";
			showEnvVarsInLog = 0;
		};
		BFD69E92057FB6EA7B4D11D6 /* [CP] Embed Pods Frameworks */ = {
			isa = PBXShellScriptBuildPhase;
			buildActionMask = 2147483647;
			files = (
			);
			inputPaths = (
				"${SRCROOT}/Pods/Target Support Files/Pods-DogFinder/Pods-DogFinder-frameworks.sh",
				"${BUILT_PRODUCTS_DIR}/Bolts/Bolts.framework",
				"${BUILT_PRODUCTS_DIR}/FBSDKCoreKit/FBSDKCoreKit.framework",
				"${BUILT_PRODUCTS_DIR}/FBSDKLoginKit/FBSDKLoginKit.framework",
				"${BUILT_PRODUCTS_DIR}/GTMSessionFetcher/GTMSessionFetcher.framework",
				"${BUILT_PRODUCTS_DIR}/GoogleUtilities/GoogleUtilities.framework",
				"${BUILT_PRODUCTS_DIR}/nanopb/nanopb.framework",
			);
			name = "[CP] Embed Pods Frameworks";
			outputPaths = (
				"${TARGET_BUILD_DIR}/${FRAMEWORKS_FOLDER_PATH}/Bolts.framework",
				"${TARGET_BUILD_DIR}/${FRAMEWORKS_FOLDER_PATH}/FBSDKCoreKit.framework",
				"${TARGET_BUILD_DIR}/${FRAMEWORKS_FOLDER_PATH}/FBSDKLoginKit.framework",
				"${TARGET_BUILD_DIR}/${FRAMEWORKS_FOLDER_PATH}/GTMSessionFetcher.framework",
				"${TARGET_BUILD_DIR}/${FRAMEWORKS_FOLDER_PATH}/GoogleUtilities.framework",
				"${TARGET_BUILD_DIR}/${FRAMEWORKS_FOLDER_PATH}/nanopb.framework",
			);
			runOnlyForDeploymentPostprocessing = 0;
			shellPath = /bin/sh;
			shellScript = "\"${SRCROOT}/Pods/Target Support Files/Pods-DogFinder/Pods-DogFinder-frameworks.sh\"\n";
			showEnvVarsInLog = 0;
		};
/* End PBXShellScriptBuildPhase section */

/* Begin PBXSourcesBuildPhase section */
		E9F0AC1A21F8F354008796FD /* Sources */ = {
			isa = PBXSourcesBuildPhase;
			buildActionMask = 2147483647;
			files = (
				E9F0AC4221FAC552008796FD /* HomeViewController.swift in Sources */,
				E9F0AC4021FABF5C008796FD /* LoginViewController.swift in Sources */,
				E9F0AC3C21FAB0EF008796FD /* DFLoginViewController.swift in Sources */,
				E9F0AC2421F8F354008796FD /* ViewController.swift in Sources */,
				E9F0AC2221F8F354008796FD /* AppDelegate.swift in Sources */,
			);
			runOnlyForDeploymentPostprocessing = 0;
		};
/* End PBXSourcesBuildPhase section */

/* Begin PBXVariantGroup section */
		E9F0AC2521F8F354008796FD /* Main.storyboard */ = {
			isa = PBXVariantGroup;
			children = (
				E9F0AC2621F8F354008796FD /* Base */,
			);
			name = Main.storyboard;
			sourceTree = "<group>";
		};
		E9F0AC2A21F8F355008796FD /* LaunchScreen.storyboard */ = {
			isa = PBXVariantGroup;
			children = (
				E9F0AC2B21F8F355008796FD /* Base */,
			);
			name = LaunchScreen.storyboard;
			sourceTree = "<group>";
		};
/* End PBXVariantGroup section */

/* Begin XCBuildConfiguration section */
		E9F0AC2E21F8F355008796FD /* Debug */ = {
			isa = XCBuildConfiguration;
			buildSettings = {
				ALWAYS_SEARCH_USER_PATHS = NO;
				CLANG_ANALYZER_NONNULL = YES;
				CLANG_ANALYZER_NUMBER_OBJECT_CONVERSION = YES_AGGRESSIVE;
				CLANG_CXX_LANGUAGE_STANDARD = "gnu++14";
				CLANG_CXX_LIBRARY = "libc++";
				CLANG_ENABLE_MODULES = YES;
				CLANG_ENABLE_OBJC_ARC = YES;
				CLANG_ENABLE_OBJC_WEAK = YES;
				CLANG_WARN_BLOCK_CAPTURE_AUTORELEASING = YES;
				CLANG_WARN_BOOL_CONVERSION = YES;
				CLANG_WARN_COMMA = YES;
				CLANG_WARN_CONSTANT_CONVERSION = YES;
				CLANG_WARN_DEPRECATED_OBJC_IMPLEMENTATIONS = YES;
				CLANG_WARN_DIRECT_OBJC_ISA_USAGE = YES_ERROR;
				CLANG_WARN_DOCUMENTATION_COMMENTS = YES;
				CLANG_WARN_EMPTY_BODY = YES;
				CLANG_WARN_ENUM_CONVERSION = YES;
				CLANG_WARN_INFINITE_RECURSION = YES;
				CLANG_WARN_INT_CONVERSION = YES;
				CLANG_WARN_NON_LITERAL_NULL_CONVERSION = YES;
				CLANG_WARN_OBJC_IMPLICIT_RETAIN_SELF = YES;
				CLANG_WARN_OBJC_LITERAL_CONVERSION = YES;
				CLANG_WARN_OBJC_ROOT_CLASS = YES_ERROR;
				CLANG_WARN_RANGE_LOOP_ANALYSIS = YES;
				CLANG_WARN_STRICT_PROTOTYPES = YES;
				CLANG_WARN_SUSPICIOUS_MOVE = YES;
				CLANG_WARN_UNGUARDED_AVAILABILITY = YES_AGGRESSIVE;
				CLANG_WARN_UNREACHABLE_CODE = YES;
				CLANG_WARN__DUPLICATE_METHOD_MATCH = YES;
				CODE_SIGN_IDENTITY = "iPhone Developer";
				COPY_PHASE_STRIP = NO;
				DEBUG_INFORMATION_FORMAT = dwarf;
				ENABLE_STRICT_OBJC_MSGSEND = YES;
				ENABLE_TESTABILITY = YES;
				GCC_C_LANGUAGE_STANDARD = gnu11;
				GCC_DYNAMIC_NO_PIC = NO;
				GCC_NO_COMMON_BLOCKS = YES;
				GCC_OPTIMIZATION_LEVEL = 0;
				GCC_PREPROCESSOR_DEFINITIONS = (
					"DEBUG=1",
					"$(inherited)",
				);
				GCC_WARN_64_TO_32_BIT_CONVERSION = YES;
				GCC_WARN_ABOUT_RETURN_TYPE = YES_ERROR;
				GCC_WARN_UNDECLARED_SELECTOR = YES;
				GCC_WARN_UNINITIALIZED_AUTOS = YES_AGGRESSIVE;
				GCC_WARN_UNUSED_FUNCTION = YES;
				GCC_WARN_UNUSED_VARIABLE = YES;
				IPHONEOS_DEPLOYMENT_TARGET = 11.4;
				MTL_ENABLE_DEBUG_INFO = YES;
				ONLY_ACTIVE_ARCH = YES;
				SDKROOT = iphoneos;
				SWIFT_ACTIVE_COMPILATION_CONDITIONS = DEBUG;
				SWIFT_OPTIMIZATION_LEVEL = "-Onone";
			};
			name = Debug;
		};
		E9F0AC2F21F8F355008796FD /* Release */ = {
			isa = XCBuildConfiguration;
			buildSettings = {
				ALWAYS_SEARCH_USER_PATHS = NO;
				CLANG_ANALYZER_NONNULL = YES;
				CLANG_ANALYZER_NUMBER_OBJECT_CONVERSION = YES_AGGRESSIVE;
				CLANG_CXX_LANGUAGE_STANDARD = "gnu++14";
				CLANG_CXX_LIBRARY = "libc++";
				CLANG_ENABLE_MODULES = YES;
				CLANG_ENABLE_OBJC_ARC = YES;
				CLANG_ENABLE_OBJC_WEAK = YES;
				CLANG_WARN_BLOCK_CAPTURE_AUTORELEASING = YES;
				CLANG_WARN_BOOL_CONVERSION = YES;
				CLANG_WARN_COMMA = YES;
				CLANG_WARN_CONSTANT_CONVERSION = YES;
				CLANG_WARN_DEPRECATED_OBJC_IMPLEMENTATIONS = YES;
				CLANG_WARN_DIRECT_OBJC_ISA_USAGE = YES_ERROR;
				CLANG_WARN_DOCUMENTATION_COMMENTS = YES;
				CLANG_WARN_EMPTY_BODY = YES;
				CLANG_WARN_ENUM_CONVERSION = YES;
				CLANG_WARN_INFINITE_RECURSION = YES;
				CLANG_WARN_INT_CONVERSION = YES;
				CLANG_WARN_NON_LITERAL_NULL_CONVERSION = YES;
				CLANG_WARN_OBJC_IMPLICIT_RETAIN_SELF = YES;
				CLANG_WARN_OBJC_LITERAL_CONVERSION = YES;
				CLANG_WARN_OBJC_ROOT_CLASS = YES_ERROR;
				CLANG_WARN_RANGE_LOOP_ANALYSIS = YES;
				CLANG_WARN_STRICT_PROTOTYPES = YES;
				CLANG_WARN_SUSPICIOUS_MOVE = YES;
				CLANG_WARN_UNGUARDED_AVAILABILITY = YES_AGGRESSIVE;
				CLANG_WARN_UNREACHABLE_CODE = YES;
				CLANG_WARN__DUPLICATE_METHOD_MATCH = YES;
				CODE_SIGN_IDENTITY = "iPhone Developer";
				COPY_PHASE_STRIP = NO;
				DEBUG_INFORMATION_FORMAT = "dwarf-with-dsym";
				ENABLE_NS_ASSERTIONS = NO;
				ENABLE_STRICT_OBJC_MSGSEND = YES;
				GCC_C_LANGUAGE_STANDARD = gnu11;
				GCC_NO_COMMON_BLOCKS = YES;
				GCC_WARN_64_TO_32_BIT_CONVERSION = YES;
				GCC_WARN_ABOUT_RETURN_TYPE = YES_ERROR;
				GCC_WARN_UNDECLARED_SELECTOR = YES;
				GCC_WARN_UNINITIALIZED_AUTOS = YES_AGGRESSIVE;
				GCC_WARN_UNUSED_FUNCTION = YES;
				GCC_WARN_UNUSED_VARIABLE = YES;
				IPHONEOS_DEPLOYMENT_TARGET = 11.4;
				MTL_ENABLE_DEBUG_INFO = NO;
				SDKROOT = iphoneos;
				SWIFT_COMPILATION_MODE = wholemodule;
				SWIFT_OPTIMIZATION_LEVEL = "-O";
				VALIDATE_PRODUCT = YES;
			};
			name = Release;
		};
		E9F0AC3121F8F355008796FD /* Debug */ = {
			isa = XCBuildConfiguration;
			baseConfigurationReference = F2506ACB5A321897D1DC3A66 /* Pods-DogFinder.debug.xcconfig */;
			buildSettings = {
				ASSETCATALOG_COMPILER_APPICON_NAME = AppIcon;
				CLANG_ENABLE_MODULES = YES;
				CODE_SIGN_STYLE = Automatic;
				DEVELOPMENT_TEAM = PD42J8PC5Z;
				INFOPLIST_FILE = DogFinder/Info.plist;
				LD_RUNPATH_SEARCH_PATHS = (
					"$(inherited)",
					"@executable_path/Frameworks",
				);
				NEW_SETTING = "";
				OTHER_LDFLAGS = (
					"$(inherited)",
					"-framework",
					"\"Bolts\"",
					"-framework",
					"\"FBSDKCoreKit\"",
					"-framework",
					"\"FBSDKLoginKit\"",
					"-ObjC",
				);
				PRODUCT_BUNDLE_IDENTIFIER = xcode.DogFinder;
				PRODUCT_NAME = "$(TARGET_NAME)";
				SWIFT_OBJC_BRIDGING_HEADER = "DogFinder/DogFinder-Bridging-Header.h";
				SWIFT_OPTIMIZATION_LEVEL = "-Onone";
				SWIFT_VERSION = 4.0;
				TARGETED_DEVICE_FAMILY = "1,2";
			};
			name = Debug;
		};
		E9F0AC3221F8F355008796FD /* Release */ = {
			isa = XCBuildConfiguration;
			baseConfigurationReference = A348529BA5F163AEFA8B87F1 /* Pods-DogFinder.release.xcconfig */;
			buildSettings = {
				ASSETCATALOG_COMPILER_APPICON_NAME = AppIcon;
				CLANG_ENABLE_MODULES = YES;
				CODE_SIGN_STYLE = Automatic;
				DEVELOPMENT_TEAM = PD42J8PC5Z;
				INFOPLIST_FILE = DogFinder/Info.plist;
				LD_RUNPATH_SEARCH_PATHS = (
					"$(inherited)",
					"@executable_path/Frameworks",
				);
				NEW_SETTING = "";
				OTHER_LDFLAGS = (
					"$(inherited)",
					"-framework",
					"\"Bolts\"",
					"-framework",
					"\"FBSDKCoreKit\"",
					"-framework",
					"\"FBSDKLoginKit\"",
					"-ObjC",
				);
				PRODUCT_BUNDLE_IDENTIFIER = xcode.DogFinder;
				PRODUCT_NAME = "$(TARGET_NAME)";
				SWIFT_OBJC_BRIDGING_HEADER = "DogFinder/DogFinder-Bridging-Header.h";
				SWIFT_VERSION = 4.0;
				TARGETED_DEVICE_FAMILY = "1,2";
			};
			name = Release;
		};
/* End XCBuildConfiguration section */

/* Begin XCConfigurationList section */
		E9F0AC1921F8F354008796FD /* Build configuration list for PBXProject "DogFinder" */ = {
			isa = XCConfigurationList;
			buildConfigurations = (
				E9F0AC2E21F8F355008796FD /* Debug */,
				E9F0AC2F21F8F355008796FD /* Release */,
			);
			defaultConfigurationIsVisible = 0;
			defaultConfigurationName = Release;
		};
		E9F0AC3021F8F355008796FD /* Build configuration list for PBXNativeTarget "DogFinder" */ = {
			isa = XCConfigurationList;
			buildConfigurations = (
				E9F0AC3121F8F355008796FD /* Debug */,
				E9F0AC3221F8F355008796FD /* Release */,
			);
			defaultConfigurationIsVisible = 0;
			defaultConfigurationName = Release;
		};
/* End XCConfigurationList section */
	};
	rootObject = E9F0AC1621F8F354008796FD /* Project object */;
}
